
Microsoft Visual Studio Solution File, Format Version 12.00
# Visual Studio Version 16
VisualStudioVersion = 16.0.31702.278
MinimumVisualStudioVersion = 10.0.40219.1
Project("{FAE04EC0-301F-11D3-BF4B-00C04F79EFBC}") = "IDGetter", "IDGetter.csproj", "{6BD94903-9D2D-4B2C-9026-87351E598984}"
EndProject
Global
	GlobalSection(SolutionConfigurationPlatforms) = preSolution
		Debug|Any CPU = Debug|Any CPU
		Release|Any CPU = Release|Any CPU
	EndGlobalSection
	GlobalSection(ProjectConfigurationPlatforms) = postSolution
		{6BD94903-9D2D-4B2C-9026-87351E598984}.Debug|Any CPU.ActiveCfg = Debug|Any CPU
		{6BD94903-9D2D-4B2C-9026-87351E598984}.Debug|Any CPU.Build.0 = Debug|Any CPU
		{6BD94903-9D2D-4B2C-9026-87351E598984}.Release|Any CPU.ActiveCfg = Release|Any CPU
		{6BD94903-9D2D-4B2C-9026-87351E598984}.Release|Any CPU.Build.0 = Release|Any CPU
	EndGlobalSection
	GlobalSection(SolutionProperties) = preSolution
		HideSolutionNode = FALSE
	EndGlobalSection
	GlobalSection(ExtensibilityGlobals) = postSolution
		SolutionGuid = {E846442C-218E-41C7-B4A5-5368B63D2129}
	EndGlobalSection
EndGlobal
